
Microsoft Visual Studio Solution File, Format Version 12.00
# Visual Studio Version 16
VisualStudioVersion = 16.0.29806.167
MinimumVisualStudioVersion = 10.0.40219.1
Project("{FAE04EC0-301F-11D3-BF4B-00C04F79EFBC}") = "ScrollerMapper", "ScrollerMapper\ScrollerMapper.csproj", "{6E12F11B-4BFF-483B-9AF2-21E8C5E026A5}"
EndProject
Project("{FAE04EC0-301F-11D3-BF4B-00C04F79EFBC}") = "ScrollerMapper.Tests", "ScrollerMapperTests\ScrollerMapper.Tests.csproj", "{871686C0-F324-429C-9898-A0444D3624C4}"
EndProject
Global
	GlobalSection(SolutionConfigurationPlatforms) = preSolution
		Debug|Any CPU = Debug|Any CPU
		Release|Any CPU = Release|Any CPU
	EndGlobalSection
	GlobalSection(ProjectConfigurationPlatforms) = postSolution
		{6E12F11B-4BFF-483B-9AF2-21E8C5E026A5}.Debug|Any CPU.ActiveCfg = Debug|Any CPU
		{6E12F11B-4BFF-483B-9AF2-21E8C5E026A5}.Debug|Any CPU.Build.0 = Debug|Any CPU
		{6E12F11B-4BFF-483B-9AF2-21E8C5E026A5}.Release|Any CPU.ActiveCfg = Release|Any CPU
		{6E12F11B-4BFF-483B-9AF2-21E8C5E026A5}.Release|Any CPU.Build.0 = Release|Any CPU
		{871686C0-F324-429C-9898-A0444D3624C4}.Debug|Any CPU.ActiveCfg = Debug|Any CPU
		{871686C0-F324-429C-9898-A0444D3624C4}.Debug|Any CPU.Build.0 = Debug|Any CPU
		{871686C0-F324-429C-9898-A0444D3624C4}.Release|Any CPU.ActiveCfg = Release|Any CPU
		{871686C0-F324-429C-9898-A0444D3624C4}.Release|Any CPU.Build.0 = Release|Any CPU
	EndGlobalSection
	GlobalSection(SolutionProperties) = preSolution
		HideSolutionNode = FALSE
	EndGlobalSection
	GlobalSection(ExtensibilityGlobals) = postSolution
		SolutionGuid = {8FA0CCE9-8D38-48C2-A956-5EC8275E513B}
	EndGlobalSection
EndGlobal
